
Microsoft Visual Studio Solution File, Format Version 12.00
# Visual Studio 15
VisualStudioVersion = 15.0.28307.168
MinimumVisualStudioVersion = 10.0.40219.1
Project("{FAE04EC0-301F-11D3-BF4B-00C04F79EFBC}") = "RootDrivingHistoryKATA.tests", "RootDrivingHistoryKATA.tests\RootDrivingHistoryKATA.tests.csproj", "{B56BE8E0-EE5B-4C56-BCB7-176600F7337D}"
EndProject
Project("{FAE04EC0-301F-11D3-BF4B-00C04F79EFBC}") = "RootDrivingHistoryKATA", "RootDrivingHistoryKATA\RootDrivingHistoryKATA.csproj", "{A3A6F775-F5D2-4152-B45A-3AA469435FF0}"
EndProject
Global
	GlobalSection(SolutionConfigurationPlatforms) = preSolution
		Debug|Any CPU = Debug|Any CPU
		Release|Any CPU = Release|Any CPU
	EndGlobalSection
	GlobalSection(ProjectConfigurationPlatforms) = postSolution
		{B56BE8E0-EE5B-4C56-BCB7-176600F7337D}.Debug|Any CPU.ActiveCfg = Debug|Any CPU
		{B56BE8E0-EE5B-4C56-BCB7-176600F7337D}.Debug|Any CPU.Build.0 = Debug|Any CPU
		{B56BE8E0-EE5B-4C56-BCB7-176600F7337D}.Release|Any CPU.ActiveCfg = Release|Any CPU
		{B56BE8E0-EE5B-4C56-BCB7-176600F7337D}.Release|Any CPU.Build.0 = Release|Any CPU
		{A3A6F775-F5D2-4152-B45A-3AA469435FF0}.Debug|Any CPU.ActiveCfg = Debug|Any CPU
		{A3A6F775-F5D2-4152-B45A-3AA469435FF0}.Debug|Any CPU.Build.0 = Debug|Any CPU
		{A3A6F775-F5D2-4152-B45A-3AA469435FF0}.Release|Any CPU.ActiveCfg = Release|Any CPU
		{A3A6F775-F5D2-4152-B45A-3AA469435FF0}.Release|Any CPU.Build.0 = Release|Any CPU
	EndGlobalSection
	GlobalSection(SolutionProperties) = preSolution
		HideSolutionNode = FALSE
	EndGlobalSection
	GlobalSection(ExtensibilityGlobals) = postSolution
		SolutionGuid = {5DF5708A-1EFB-42C8-81F8-98E66F1BE4B6}
	EndGlobalSection
EndGlobal
